
Microsoft Visual Studio Solution File, Format Version 11.00
# Visual Studio 2010
Project("{FAE04EC0-301F-11D3-BF4B-00C04F79EFBC}") = "gestadh45.Ihm", "gestadh45.Ihm\gestadh45.Ihm.csproj", "{7D1DAFDD-8A59-4F52-9B5F-9D01AF975565}"
EndProject
Project("{FAE04EC0-301F-11D3-BF4B-00C04F79EFBC}") = "gestadh45.service", "gestadh45.service\gestadh45.service.csproj", "{F965A907-9B56-412D-AF80-69BDDD9B3AF8}"
EndProject
Project("{FAE04EC0-301F-11D3-BF4B-00C04F79EFBC}") = "gestadh45.Main", "gestadh45.Main\gestadh45.Main.csproj", "{2B20AE09-1106-4640-819C-2B3E65BB3D67}"
EndProject
Project("{54435603-DBB4-11D2-8724-00A0C9A8B90C}") = "gestadh45.Setup", "gestadh45.Setup\gestadh45.Setup.vdproj", "{8F82E38C-A4F6-44B6-8739-4F158DC3F9B6}"
EndProject
Project("{FAE04EC0-301F-11D3-BF4B-00C04F79EFBC}") = "gestadh45.model", "gestadh45.model\gestadh45.model.csproj", "{1B28FD5C-32E3-4397-ACE0-7CEA20E4B160}"
EndProject
Project("{FAE04EC0-301F-11D3-BF4B-00C04F79EFBC}") = "gestadh45.dao", "gestadh45.dao\gestadh45.dao.csproj", "{5306E71F-E368-4890-83DD-A86E9850896B}"
EndProject
Project("{FAE04EC0-301F-11D3-BF4B-00C04F79EFBC}") = "gestadh45.tests", "gestadh45.tests\gestadh45.tests.csproj", "{0B44B189-6AF9-4976-912F-15BDA7D2B10C}"
EndProject
Project("{F088123C-0E9E-452A-89E6-6BA2F21D5CAC}") = "gestadh45.modelisation", "gestadh45.modelisation\gestadh45.modelisation.modelproj", "{F2BB7AB6-4CED-4543-A3FB-E0C710ED998C}"
EndProject
Global
	GlobalSection(SubversionScc) = preSolution
		Svn-Managed = True
		Manager = AnkhSVN - Subversion Support for Visual Studio
	EndGlobalSection
	GlobalSection(SolutionConfigurationPlatforms) = preSolution
		Debug|Any CPU = Debug|Any CPU
		Debug|Mixed Platforms = Debug|Mixed Platforms
		Debug|x86 = Debug|x86
		Release|Any CPU = Release|Any CPU
		Release|Mixed Platforms = Release|Mixed Platforms
		Release|x86 = Release|x86
		TestDao|Any CPU = TestDao|Any CPU
		TestDao|Mixed Platforms = TestDao|Mixed Platforms
		TestDao|x86 = TestDao|x86
	EndGlobalSection
	GlobalSection(ProjectConfigurationPlatforms) = postSolution
		{7D1DAFDD-8A59-4F52-9B5F-9D01AF975565}.Debug|Any CPU.ActiveCfg = Debug|Any CPU
		{7D1DAFDD-8A59-4F52-9B5F-9D01AF975565}.Debug|Any CPU.Build.0 = Debug|Any CPU
		{7D1DAFDD-8A59-4F52-9B5F-9D01AF975565}.Debug|Mixed Platforms.ActiveCfg = Debug|Any CPU
		{7D1DAFDD-8A59-4F52-9B5F-9D01AF975565}.Debug|Mixed Platforms.Build.0 = Debug|Any CPU
		{7D1DAFDD-8A59-4F52-9B5F-9D01AF975565}.Debug|x86.ActiveCfg = Debug|Any CPU
		{7D1DAFDD-8A59-4F52-9B5F-9D01AF975565}.Release|Any CPU.ActiveCfg = Release|Any CPU
		{7D1DAFDD-8A59-4F52-9B5F-9D01AF975565}.Release|Any CPU.Build.0 = Release|Any CPU
		{7D1DAFDD-8A59-4F52-9B5F-9D01AF975565}.Release|Mixed Platforms.ActiveCfg = Release|Any CPU
		{7D1DAFDD-8A59-4F52-9B5F-9D01AF975565}.Release|Mixed Platforms.Build.0 = Release|Any CPU
		{7D1DAFDD-8A59-4F52-9B5F-9D01AF975565}.Release|x86.ActiveCfg = Release|Any CPU
		{7D1DAFDD-8A59-4F52-9B5F-9D01AF975565}.TestDao|Any CPU.ActiveCfg = TestDao|Any CPU
		{7D1DAFDD-8A59-4F52-9B5F-9D01AF975565}.TestDao|Any CPU.Build.0 = TestDao|Any CPU
		{7D1DAFDD-8A59-4F52-9B5F-9D01AF975565}.TestDao|Mixed Platforms.ActiveCfg = TestDao|Any CPU
		{7D1DAFDD-8A59-4F52-9B5F-9D01AF975565}.TestDao|x86.ActiveCfg = TestDao|Any CPU
		{F965A907-9B56-412D-AF80-69BDDD9B3AF8}.Debug|Any CPU.ActiveCfg = Debug|Any CPU
		{F965A907-9B56-412D-AF80-69BDDD9B3AF8}.Debug|Any CPU.Build.0 = Debug|Any CPU
		{F965A907-9B56-412D-AF80-69BDDD9B3AF8}.Debug|Mixed Platforms.ActiveCfg = Debug|Any CPU
		{F965A907-9B56-412D-AF80-69BDDD9B3AF8}.Debug|Mixed Platforms.Build.0 = Debug|Any CPU
		{F965A907-9B56-412D-AF80-69BDDD9B3AF8}.Debug|x86.ActiveCfg = Debug|Any CPU
		{F965A907-9B56-412D-AF80-69BDDD9B3AF8}.Release|Any CPU.ActiveCfg = Release|Any CPU
		{F965A907-9B56-412D-AF80-69BDDD9B3AF8}.Release|Any CPU.Build.0 = Release|Any CPU
		{F965A907-9B56-412D-AF80-69BDDD9B3AF8}.Release|Mixed Platforms.ActiveCfg = Release|Any CPU
		{F965A907-9B56-412D-AF80-69BDDD9B3AF8}.Release|Mixed Platforms.Build.0 = Release|Any CPU
		{F965A907-9B56-412D-AF80-69BDDD9B3AF8}.Release|x86.ActiveCfg = Release|Any CPU
		{F965A907-9B56-412D-AF80-69BDDD9B3AF8}.TestDao|Any CPU.ActiveCfg = TestDao|Any CPU
		{F965A907-9B56-412D-AF80-69BDDD9B3AF8}.TestDao|Any CPU.Build.0 = TestDao|Any CPU
		{F965A907-9B56-412D-AF80-69BDDD9B3AF8}.TestDao|Mixed Platforms.ActiveCfg = TestDao|Any CPU
		{F965A907-9B56-412D-AF80-69BDDD9B3AF8}.TestDao|x86.ActiveCfg = TestDao|Any CPU
		{2B20AE09-1106-4640-819C-2B3E65BB3D67}.Debug|Any CPU.ActiveCfg = Debug|x86
		{2B20AE09-1106-4640-819C-2B3E65BB3D67}.Debug|Mixed Platforms.ActiveCfg = Debug|x86
		{2B20AE09-1106-4640-819C-2B3E65BB3D67}.Debug|Mixed Platforms.Build.0 = Debug|x86
		{2B20AE09-1106-4640-819C-2B3E65BB3D67}.Debug|x86.ActiveCfg = Debug|x86
		{2B20AE09-1106-4640-819C-2B3E65BB3D67}.Debug|x86.Build.0 = Debug|x86
		{2B20AE09-1106-4640-819C-2B3E65BB3D67}.Release|Any CPU.ActiveCfg = Release|x86
		{2B20AE09-1106-4640-819C-2B3E65BB3D67}.Release|Mixed Platforms.ActiveCfg = Release|x86
		{2B20AE09-1106-4640-819C-2B3E65BB3D67}.Release|Mixed Platforms.Build.0 = Release|x86
		{2B20AE09-1106-4640-819C-2B3E65BB3D67}.Release|x86.ActiveCfg = Release|x86
		{2B20AE09-1106-4640-819C-2B3E65BB3D67}.Release|x86.Build.0 = Release|x86
		{2B20AE09-1106-4640-819C-2B3E65BB3D67}.TestDao|Any CPU.ActiveCfg = TestDao|x86
		{2B20AE09-1106-4640-819C-2B3E65BB3D67}.TestDao|Mixed Platforms.ActiveCfg = TestDao|x86
		{2B20AE09-1106-4640-819C-2B3E65BB3D67}.TestDao|x86.ActiveCfg = TestDao|x86
		{2B20AE09-1106-4640-819C-2B3E65BB3D67}.TestDao|x86.Build.0 = TestDao|x86
		{8F82E38C-A4F6-44B6-8739-4F158DC3F9B6}.Debug|Any CPU.ActiveCfg = Debug
		{8F82E38C-A4F6-44B6-8739-4F158DC3F9B6}.Debug|Mixed Platforms.ActiveCfg = Debug
		{8F82E38C-A4F6-44B6-8739-4F158DC3F9B6}.Debug|x86.ActiveCfg = Debug
		{8F82E38C-A4F6-44B6-8739-4F158DC3F9B6}.Release|Any CPU.ActiveCfg = Release
		{8F82E38C-A4F6-44B6-8739-4F158DC3F9B6}.Release|Mixed Platforms.ActiveCfg = Release
		{8F82E38C-A4F6-44B6-8739-4F158DC3F9B6}.Release|Mixed Platforms.Build.0 = Release
		{8F82E38C-A4F6-44B6-8739-4F158DC3F9B6}.Release|x86.ActiveCfg = Release
		{8F82E38C-A4F6-44B6-8739-4F158DC3F9B6}.TestDao|Any CPU.ActiveCfg = TestDao
		{8F82E38C-A4F6-44B6-8739-4F158DC3F9B6}.TestDao|Mixed Platforms.ActiveCfg = TestDao
		{8F82E38C-A4F6-44B6-8739-4F158DC3F9B6}.TestDao|x86.ActiveCfg = TestDao
		{8F82E38C-A4F6-44B6-8739-4F158DC3F9B6}.TestDao|x86.Build.0 = TestDao
		{1B28FD5C-32E3-4397-ACE0-7CEA20E4B160}.Debug|Any CPU.ActiveCfg = Debug|Any CPU
		{1B28FD5C-32E3-4397-ACE0-7CEA20E4B160}.Debug|Any CPU.Build.0 = Debug|Any CPU
		{1B28FD5C-32E3-4397-ACE0-7CEA20E4B160}.Debug|Mixed Platforms.ActiveCfg = Debug|Any CPU
		{1B28FD5C-32E3-4397-ACE0-7CEA20E4B160}.Debug|Mixed Platforms.Build.0 = Debug|Any CPU
		{1B28FD5C-32E3-4397-ACE0-7CEA20E4B160}.Debug|x86.ActiveCfg = Debug|Any CPU
		{1B28FD5C-32E3-4397-ACE0-7CEA20E4B160}.Release|Any CPU.ActiveCfg = Release|Any CPU
		{1B28FD5C-32E3-4397-ACE0-7CEA20E4B160}.Release|Any CPU.Build.0 = Release|Any CPU
		{1B28FD5C-32E3-4397-ACE0-7CEA20E4B160}.Release|Mixed Platforms.ActiveCfg = Release|Any CPU
		{1B28FD5C-32E3-4397-ACE0-7CEA20E4B160}.Release|Mixed Platforms.Build.0 = Release|Any CPU
		{1B28FD5C-32E3-4397-ACE0-7CEA20E4B160}.Release|x86.ActiveCfg = Release|Any CPU
		{1B28FD5C-32E3-4397-ACE0-7CEA20E4B160}.TestDao|Any CPU.ActiveCfg = TestDao|Any CPU
		{1B28FD5C-32E3-4397-ACE0-7CEA20E4B160}.TestDao|Any CPU.Build.0 = TestDao|Any CPU
		{1B28FD5C-32E3-4397-ACE0-7CEA20E4B160}.TestDao|Mixed Platforms.ActiveCfg = TestDao|Any CPU
		{1B28FD5C-32E3-4397-ACE0-7CEA20E4B160}.TestDao|Mixed Platforms.Build.0 = TestDao|Any CPU
		{1B28FD5C-32E3-4397-ACE0-7CEA20E4B160}.TestDao|x86.ActiveCfg = TestDao|Any CPU
		{5306E71F-E368-4890-83DD-A86E9850896B}.Debug|Any CPU.ActiveCfg = Debug|Any CPU
		{5306E71F-E368-4890-83DD-A86E9850896B}.Debug|Any CPU.Build.0 = Debug|Any CPU
		{5306E71F-E368-4890-83DD-A86E9850896B}.Debug|Mixed Platforms.ActiveCfg = Debug|Any CPU
		{5306E71F-E368-4890-83DD-A86E9850896B}.Debug|Mixed Platforms.Build.0 = Debug|Any CPU
		{5306E71F-E368-4890-83DD-A86E9850896B}.Debug|x86.ActiveCfg = Debug|Any CPU
		{5306E71F-E368-4890-83DD-A86E9850896B}.Release|Any CPU.ActiveCfg = Release|Any CPU
		{5306E71F-E368-4890-83DD-A86E9850896B}.Release|Any CPU.Build.0 = Release|Any CPU
		{5306E71F-E368-4890-83DD-A86E9850896B}.Release|Mixed Platforms.ActiveCfg = Release|Any CPU
		{5306E71F-E368-4890-83DD-A86E9850896B}.Release|Mixed Platforms.Build.0 = Release|Any CPU
		{5306E71F-E368-4890-83DD-A86E9850896B}.Release|x86.ActiveCfg = Release|Any CPU
		{5306E71F-E368-4890-83DD-A86E9850896B}.TestDao|Any CPU.ActiveCfg = TestDao|Any CPU
		{5306E71F-E368-4890-83DD-A86E9850896B}.TestDao|Any CPU.Build.0 = TestDao|Any CPU
		{5306E71F-E368-4890-83DD-A86E9850896B}.TestDao|Mixed Platforms.ActiveCfg = TestDao|Any CPU
		{5306E71F-E368-4890-83DD-A86E9850896B}.TestDao|Mixed Platforms.Build.0 = TestDao|Any CPU
		{5306E71F-E368-4890-83DD-A86E9850896B}.TestDao|x86.ActiveCfg = TestDao|Any CPU
		{0B44B189-6AF9-4976-912F-15BDA7D2B10C}.Debug|Any CPU.ActiveCfg = Debug|x86
		{0B44B189-6AF9-4976-912F-15BDA7D2B10C}.Debug|Mixed Platforms.ActiveCfg = Debug|x86
		{0B44B189-6AF9-4976-912F-15BDA7D2B10C}.Debug|x86.ActiveCfg = Debug|x86
		{0B44B189-6AF9-4976-912F-15BDA7D2B10C}.Debug|x86.Build.0 = Debug|x86
		{0B44B189-6AF9-4976-912F-15BDA7D2B10C}.Release|Any CPU.ActiveCfg = Release|x86
		{0B44B189-6AF9-4976-912F-15BDA7D2B10C}.Release|Mixed Platforms.ActiveCfg = Release|x86
		{0B44B189-6AF9-4976-912F-15BDA7D2B10C}.Release|x86.ActiveCfg = Release|x86
		{0B44B189-6AF9-4976-912F-15BDA7D2B10C}.Release|x86.Build.0 = Release|x86
		{0B44B189-6AF9-4976-912F-15BDA7D2B10C}.TestDao|Any CPU.ActiveCfg = TestDao|x86
		{0B44B189-6AF9-4976-912F-15BDA7D2B10C}.TestDao|Mixed Platforms.ActiveCfg = TestDao|x86
		{0B44B189-6AF9-4976-912F-15BDA7D2B10C}.TestDao|Mixed Platforms.Build.0 = TestDao|x86
		{0B44B189-6AF9-4976-912F-15BDA7D2B10C}.TestDao|x86.ActiveCfg = TestDao|x86
		{0B44B189-6AF9-4976-912F-15BDA7D2B10C}.TestDao|x86.Build.0 = TestDao|x86
		{F2BB7AB6-4CED-4543-A3FB-E0C710ED998C}.Debug|Any CPU.ActiveCfg = Debug|Any CPU
		{F2BB7AB6-4CED-4543-A3FB-E0C710ED998C}.Debug|Any CPU.Build.0 = Debug|Any CPU
		{F2BB7AB6-4CED-4543-A3FB-E0C710ED998C}.Debug|Mixed Platforms.ActiveCfg = Debug|Any CPU
		{F2BB7AB6-4CED-4543-A3FB-E0C710ED998C}.Debug|Mixed Platforms.Build.0 = Debug|Any CPU
		{F2BB7AB6-4CED-4543-A3FB-E0C710ED998C}.Debug|x86.ActiveCfg = Debug|Any CPU
		{F2BB7AB6-4CED-4543-A3FB-E0C710ED998C}.Release|Any CPU.ActiveCfg = Release|Any CPU
		{F2BB7AB6-4CED-4543-A3FB-E0C710ED998C}.Release|Any CPU.Build.0 = Release|Any CPU
		{F2BB7AB6-4CED-4543-A3FB-E0C710ED998C}.Release|Mixed Platforms.ActiveCfg = Release|Any CPU
		{F2BB7AB6-4CED-4543-A3FB-E0C710ED998C}.Release|x86.ActiveCfg = Release|Any CPU
		{F2BB7AB6-4CED-4543-A3FB-E0C710ED998C}.TestDao|Any CPU.ActiveCfg = Release|Any CPU
		{F2BB7AB6-4CED-4543-A3FB-E0C710ED998C}.TestDao|Any CPU.Build.0 = Release|Any CPU
		{F2BB7AB6-4CED-4543-A3FB-E0C710ED998C}.TestDao|Mixed Platforms.ActiveCfg = Release|Any CPU
		{F2BB7AB6-4CED-4543-A3FB-E0C710ED998C}.TestDao|Mixed Platforms.Build.0 = Release|Any CPU
		{F2BB7AB6-4CED-4543-A3FB-E0C710ED998C}.TestDao|x86.ActiveCfg = Release|Any CPU
	EndGlobalSection
	GlobalSection(SolutionProperties) = preSolution
		HideSolutionNode = FALSE
	EndGlobalSection
EndGlobal
