
Microsoft Visual Studio Solution File, Format Version 11.00
# Visual Studio 2010
Project("{FAE04EC0-301F-11D3-BF4B-00C04F79EFBC}") = "gestadh45.dal", "gestadh45.dal.csproj", "{B592B627-A159-4936-92E8-EFF98114395C}"
EndProject
Project("{FAE04EC0-301F-11D3-BF4B-00C04F79EFBC}") = "gestadh45.manager", "..\gestadh45.manager\gestadh45.manager.csproj", "{FC9996B1-42D3-4889-9052-10B6E1F4B3F8}"
EndProject
Global
	GlobalSection(SubversionScc) = preSolution
		Svn-Managed = True
		Manager = AnkhSVN - Subversion Support for Visual Studio
	EndGlobalSection
	GlobalSection(SolutionConfigurationPlatforms) = preSolution
		Debug|Any CPU = Debug|Any CPU
		Release|Any CPU = Release|Any CPU
	EndGlobalSection
	GlobalSection(ProjectConfigurationPlatforms) = postSolution
		{B592B627-A159-4936-92E8-EFF98114395C}.Debug|Any CPU.ActiveCfg = Debug|Any CPU
		{B592B627-A159-4936-92E8-EFF98114395C}.Debug|Any CPU.Build.0 = Debug|Any CPU
		{B592B627-A159-4936-92E8-EFF98114395C}.Release|Any CPU.ActiveCfg = Release|Any CPU
		{B592B627-A159-4936-92E8-EFF98114395C}.Release|Any CPU.Build.0 = Release|Any CPU
		{FC9996B1-42D3-4889-9052-10B6E1F4B3F8}.Debug|Any CPU.ActiveCfg = Debug|Any CPU
		{FC9996B1-42D3-4889-9052-10B6E1F4B3F8}.Debug|Any CPU.Build.0 = Debug|Any CPU
		{FC9996B1-42D3-4889-9052-10B6E1F4B3F8}.Release|Any CPU.ActiveCfg = Release|Any CPU
		{FC9996B1-42D3-4889-9052-10B6E1F4B3F8}.Release|Any CPU.Build.0 = Release|Any CPU
	EndGlobalSection
	GlobalSection(SolutionProperties) = preSolution
		HideSolutionNode = FALSE
	EndGlobalSection
EndGlobal
